
Microsoft Visual Studio Solution File, Format Version 12.00
# Visual Studio Version 16
VisualStudioVersion = 16.0.30503.244
MinimumVisualStudioVersion = 10.0.40219.1
Project("{FAE04EC0-301F-11D3-BF4B-00C04F79EFBC}") = "WebUniversidade", "WebUniversidade\WebUniversidade.csproj", "{9D964B51-28D5-47EC-AF92-64FC8DFF0CD0}"
EndProject
Global
	GlobalSection(SolutionConfigurationPlatforms) = preSolution
		Debug|Any CPU = Debug|Any CPU
		Release|Any CPU = Release|Any CPU
	EndGlobalSection
	GlobalSection(ProjectConfigurationPlatforms) = postSolution
		{9D964B51-28D5-47EC-AF92-64FC8DFF0CD0}.Debug|Any CPU.ActiveCfg = Debug|Any CPU
		{9D964B51-28D5-47EC-AF92-64FC8DFF0CD0}.Debug|Any CPU.Build.0 = Debug|Any CPU
		{9D964B51-28D5-47EC-AF92-64FC8DFF0CD0}.Release|Any CPU.ActiveCfg = Release|Any CPU
		{9D964B51-28D5-47EC-AF92-64FC8DFF0CD0}.Release|Any CPU.Build.0 = Release|Any CPU
	EndGlobalSection
	GlobalSection(SolutionProperties) = preSolution
		HideSolutionNode = FALSE
	EndGlobalSection
	GlobalSection(ExtensibilityGlobals) = postSolution
		SolutionGuid = {D75D6B98-C844-4FFB-9FBD-249E213B26BF}
	EndGlobalSection
EndGlobal
